
Microsoft Visual Studio Solution File, Format Version 12.00
# Visual Studio Version 16
VisualStudioVersion = 16.0.29509.3
MinimumVisualStudioVersion = 10.0.40219.1
Project("{9A19103F-16F7-4668-BE54-9A1E7A4F7556}") = "k", "..\k\k.csproj", "{7AD97F75-79DC-41A6-8411-8654ECC3249B}"
EndProject
Project("{9A19103F-16F7-4668-BE54-9A1E7A4F7556}") = "k.Tests", "..\k.Tests\k.Tests.csproj", "{E38C4035-41EA-4214-8DD3-8E98D8052B62}"
EndProject
Project("{9A19103F-16F7-4668-BE54-9A1E7A4F7556}") = "k.db", "..\k.db\k.db.csproj", "{0B2E8AB4-DAC1-431C-A205-2887B3691368}"
EndProject
Global
	GlobalSection(SolutionConfigurationPlatforms) = preSolution
		Debug|Any CPU = Debug|Any CPU
		Release|Any CPU = Release|Any CPU
	EndGlobalSection
	GlobalSection(ProjectConfigurationPlatforms) = postSolution
		{7AD97F75-79DC-41A6-8411-8654ECC3249B}.Debug|Any CPU.ActiveCfg = Debug|Any CPU
		{7AD97F75-79DC-41A6-8411-8654ECC3249B}.Debug|Any CPU.Build.0 = Debug|Any CPU
		{7AD97F75-79DC-41A6-8411-8654ECC3249B}.Release|Any CPU.ActiveCfg = Release|Any CPU
		{7AD97F75-79DC-41A6-8411-8654ECC3249B}.Release|Any CPU.Build.0 = Release|Any CPU
		{E38C4035-41EA-4214-8DD3-8E98D8052B62}.Debug|Any CPU.ActiveCfg = Debug|Any CPU
		{E38C4035-41EA-4214-8DD3-8E98D8052B62}.Debug|Any CPU.Build.0 = Debug|Any CPU
		{E38C4035-41EA-4214-8DD3-8E98D8052B62}.Release|Any CPU.ActiveCfg = Release|Any CPU
		{E38C4035-41EA-4214-8DD3-8E98D8052B62}.Release|Any CPU.Build.0 = Release|Any CPU
		{0B2E8AB4-DAC1-431C-A205-2887B3691368}.Debug|Any CPU.ActiveCfg = Debug|Any CPU
		{0B2E8AB4-DAC1-431C-A205-2887B3691368}.Debug|Any CPU.Build.0 = Debug|Any CPU
		{0B2E8AB4-DAC1-431C-A205-2887B3691368}.Release|Any CPU.ActiveCfg = Release|Any CPU
		{0B2E8AB4-DAC1-431C-A205-2887B3691368}.Release|Any CPU.Build.0 = Release|Any CPU
	EndGlobalSection
	GlobalSection(SolutionProperties) = preSolution
		HideSolutionNode = FALSE
	EndGlobalSection
	GlobalSection(ExtensibilityGlobals) = postSolution
		SolutionGuid = {301B3467-E7B3-4063-A913-4A9C62C146D6}
	EndGlobalSection
EndGlobal
